
Microsoft Visual Studio Solution File, Format Version 12.00
# Visual Studio Version 17
VisualStudioVersion = 17.11.35312.102
MinimumVisualStudioVersion = 10.0.40219.1
Project("{FAE04EC0-301F-11D3-BF4B-00C04F79EFBC}") = "kantorwymianywalutzlodzieje", "kantorwymianywalutzlodzieje\kantorwymianywalutzlodzieje.csproj", "{D090C62C-77CB-4E77-808E-0F490321AD02}"
EndProject
Global
	GlobalSection(SolutionConfigurationPlatforms) = preSolution
		Debug|Any CPU = Debug|Any CPU
		Release|Any CPU = Release|Any CPU
	EndGlobalSection
	GlobalSection(ProjectConfigurationPlatforms) = postSolution
		{D090C62C-77CB-4E77-808E-0F490321AD02}.Debug|Any CPU.ActiveCfg = Debug|Any CPU
		{D090C62C-77CB-4E77-808E-0F490321AD02}.Debug|Any CPU.Build.0 = Debug|Any CPU
		{D090C62C-77CB-4E77-808E-0F490321AD02}.Debug|Any CPU.Deploy.0 = Debug|Any CPU
		{D090C62C-77CB-4E77-808E-0F490321AD02}.Release|Any CPU.ActiveCfg = Release|Any CPU
		{D090C62C-77CB-4E77-808E-0F490321AD02}.Release|Any CPU.Build.0 = Release|Any CPU
		{D090C62C-77CB-4E77-808E-0F490321AD02}.Release|Any CPU.Deploy.0 = Release|Any CPU
	EndGlobalSection
	GlobalSection(SolutionProperties) = preSolution
		HideSolutionNode = FALSE
	EndGlobalSection
	GlobalSection(ExtensibilityGlobals) = postSolution
		SolutionGuid = {8BE29782-64E7-46BE-85C5-352268B9C041}
	EndGlobalSection
EndGlobal
